// !$*UTF8*$!
{
	archiveVersion = 1;
	classes = {
	};
	objectVersion = 50;
	objects = {

/* Begin PBXBuildFile section */
		BA1518F125CC0C8C0005A9A2 /* Extensions.swift in Sources */ = {isa = PBXBuildFile; fileRef = BA1518F025CC0C8C0005A9A2 /* Extensions.swift */; };
		BA1518F725CC1F260005A9A2 /* RAMStats.swift in Sources */ = {isa = PBXBuildFile; fileRef = BA1518F625CC1F260005A9A2 /* RAMStats.swift */; };
		BA219C7125C83AC100E73048 /* AppDelegate.swift in Sources */ = {isa = PBXBuildFile; fileRef = BA219C7025C83AC100E73048 /* AppDelegate.swift */; };
		BA219C7325C83AC100E73048 /* ViewController.swift in Sources */ = {isa = PBXBuildFile; fileRef = BA219C7225C83AC100E73048 /* ViewController.swift */; };
		BA219C7525C83AC300E73048 /* Assets.xcassets in Resources */ = {isa = PBXBuildFile; fileRef = BA219C7425C83AC300E73048 /* Assets.xcassets */; };
		BA219C7825C83AC300E73048 /* Main.storyboard in Resources */ = {isa = PBXBuildFile; fileRef = BA219C7625C83AC300E73048 /* Main.storyboard */; };
		F365236625CC07EF00DD6204 /* CPUStats.swift in Sources */ = {isa = PBXBuildFile; fileRef = F365236225CC07EF00DD6204 /* CPUStats.swift */; };
		F365236725CC07EF00DD6204 /* Helpres.swift in Sources */ = {isa = PBXBuildFile; fileRef = F365236325CC07EF00DD6204 /* Helpres.swift */; };
		F365236825CC07EF00DD6204 /* GPUStats.swift in Sources */ = {isa = PBXBuildFile; fileRef = F365236425CC07EF00DD6204 /* GPUStats.swift */; };
		F365236925CC07EF00DD6204 /* SMCDataType.swift in Sources */ = {isa = PBXBuildFile; fileRef = F365236525CC07EF00DD6204 /* SMCDataType.swift */; };
/* End PBXBuildFile section */

/* Begin PBXFileReference section */
		BA1518F025CC0C8C0005A9A2 /* Extensions.swift */ = {isa = PBXFileReference; lastKnownFileType = sourcecode.swift; path = Extensions.swift; sourceTree = "<group>"; };
		BA1518F625CC1F260005A9A2 /* RAMStats.swift */ = {isa = PBXFileReference; lastKnownFileType = sourcecode.swift; path = RAMStats.swift; sourceTree = "<group>"; };
		BA219C6D25C83AC100E73048 /* InnoSystemMonitor.app */ = {isa = PBXFileReference; explicitFileType = wrapper.application; includeInIndex = 0; path = InnoSystemMonitor.app; sourceTree = BUILT_PRODUCTS_DIR; };
		BA219C7025C83AC100E73048 /* AppDelegate.swift */ = {isa = PBXFileReference; lastKnownFileType = sourcecode.swift; path = AppDelegate.swift; sourceTree = "<group>"; };
		BA219C7225C83AC100E73048 /* ViewController.swift */ = {isa = PBXFileReference; lastKnownFileType = sourcecode.swift; path = ViewController.swift; sourceTree = "<group>"; };
		BA219C7425C83AC300E73048 /* Assets.xcassets */ = {isa = PBXFileReference; lastKnownFileType = folder.assetcatalog; path = Assets.xcassets; sourceTree = "<group>"; };
		BA219C7725C83AC300E73048 /* Base */ = {isa = PBXFileReference; lastKnownFileType = file.storyboard; name = Base; path = Base.lproj/Main.storyboard; sourceTree = "<group>"; };
		BA219C7925C83AC300E73048 /* Info.plist */ = {isa = PBXFileReference; lastKnownFileType = text.plist.xml; path = Info.plist; sourceTree = "<group>"; };
		BA219C7A25C83AC300E73048 /* InnoSystemMonitor.entitlements */ = {isa = PBXFileReference; lastKnownFileType = text.plist.entitlements; path = InnoSystemMonitor.entitlements; sourceTree = "<group>"; };
		F365236225CC07EF00DD6204 /* CPUStats.swift */ = {isa = PBXFileReference; fileEncoding = 4; lastKnownFileType = sourcecode.swift; path = CPUStats.swift; sourceTree = "<group>"; };
		F365236325CC07EF00DD6204 /* Helpres.swift */ = {isa = PBXFileReference; fileEncoding = 4; lastKnownFileType = sourcecode.swift; path = Helpres.swift; sourceTree = "<group>"; };
		F365236425CC07EF00DD6204 /* GPUStats.swift */ = {isa = PBXFileReference; fileEncoding = 4; lastKnownFileType = sourcecode.swift; path = GPUStats.swift; sourceTree = "<group>"; };
		F365236525CC07EF00DD6204 /* SMCDataType.swift */ = {isa = PBXFileReference; fileEncoding = 4; lastKnownFileType = sourcecode.swift; path = SMCDataType.swift; sourceTree = "<group>"; };
/* End PBXFileReference section */

/* Begin PBXFrameworksBuildPhase section */
		BA219C6A25C83AC100E73048 /* Frameworks */ = {
			isa = PBXFrameworksBuildPhase;
			buildActionMask = 2147483647;
			files = (
			);
			runOnlyForDeploymentPostprocessing = 0;
		};
/* End PBXFrameworksBuildPhase section */

/* Begin PBXGroup section */
		BA219C6425C83AC100E73048 = {
			isa = PBXGroup;
			children = (
				BA219C6F25C83AC100E73048 /* InnoSystemMonitor */,
				BA219C6E25C83AC100E73048 /* Products */,
			);
			sourceTree = "<group>";
		};
		BA219C6E25C83AC100E73048 /* Products */ = {
			isa = PBXGroup;
			children = (
				BA219C6D25C83AC100E73048 /* InnoSystemMonitor.app */,
			);
			name = Products;
			sourceTree = "<group>";
		};
		BA219C6F25C83AC100E73048 /* InnoSystemMonitor */ = {
			isa = PBXGroup;
			children = (
				F365236125CC07EF00DD6204 /* Stats */,
				BA219C7025C83AC100E73048 /* AppDelegate.swift */,
				BA219C7225C83AC100E73048 /* ViewController.swift */,
				BA219C7425C83AC300E73048 /* Assets.xcassets */,
				BA219C7625C83AC300E73048 /* Main.storyboard */,
				BA219C7925C83AC300E73048 /* Info.plist */,
				BA219C7A25C83AC300E73048 /* InnoSystemMonitor.entitlements */,
			);
			path = InnoSystemMonitor;
			sourceTree = "<group>";
		};
		F365236125CC07EF00DD6204 /* Stats */ = {
			isa = PBXGroup;
			children = (
				F365236225CC07EF00DD6204 /* CPUStats.swift */,
				F365236325CC07EF00DD6204 /* Helpres.swift */,
				F365236425CC07EF00DD6204 /* GPUStats.swift */,
				F365236525CC07EF00DD6204 /* SMCDataType.swift */,
				BA1518F025CC0C8C0005A9A2 /* Extensions.swift */,
				BA1518F625CC1F260005A9A2 /* RAMStats.swift */,
			);
			path = Stats;
			sourceTree = "<group>";
		};
/* End PBXGroup section */

/* Begin PBXNativeTarget section */
		BA219C6C25C83AC100E73048 /* InnoSystemMonitor */ = {
			isa = PBXNativeTarget;
			buildConfigurationList = BA219C7D25C83AC300E73048 /* Build configuration list for PBXNativeTarget "InnoSystemMonitor" */;
			buildPhases = (
				BA219C6925C83AC100E73048 /* Sources */,
				BA219C6A25C83AC100E73048 /* Frameworks */,
				BA219C6B25C83AC100E73048 /* Resources */,
			);
			buildRules = (
			);
			dependencies = (
			);
			name = InnoSystemMonitor;
			productName = InnoSystemMonitor;
			productReference = BA219C6D25C83AC100E73048 /* InnoSystemMonitor.app */;
			productType = "com.apple.product-type.application";
		};
/* End PBXNativeTarget section */

/* Begin PBXProject section */
		BA219C6525C83AC100E73048 /* Project object */ = {
			isa = PBXProject;
			attributes = {
				LastSwiftUpdateCheck = 1240;
				LastUpgradeCheck = 1240;
				TargetAttributes = {
					BA219C6C25C83AC100E73048 = {
						CreatedOnToolsVersion = 12.4;
					};
				};
			};
			buildConfigurationList = BA219C6825C83AC100E73048 /* Build configuration list for PBXProject "InnoSystemMonitor" */;
			compatibilityVersion = "Xcode 9.3";
			developmentRegion = en;
			hasScannedForEncodings = 0;
			knownRegions = (
				en,
				Base,
			);
			mainGroup = BA219C6425C83AC100E73048;
			productRefGroup = BA219C6E25C83AC100E73048 /* Products */;
			projectDirPath = "";
			projectRoot = "";
			targets = (
				BA219C6C25C83AC100E73048 /* InnoSystemMonitor */,
			);
		};
/* End PBXProject section */

/* Begin PBXResourcesBuildPhase section */
		BA219C6B25C83AC100E73048 /* Resources */ = {
			isa = PBXResourcesBuildPhase;
			buildActionMask = 2147483647;
			files = (
				BA219C7525C83AC300E73048 /* Assets.xcassets in Resources */,
				BA219C7825C83AC300E73048 /* Main.storyboard in Resources */,
			);
			runOnlyForDeploymentPostprocessing = 0;
		};
/* End PBXResourcesBuildPhase section */

/* Begin PBXSourcesBuildPhase section */
		BA219C6925C83AC100E73048 /* Sources */ = {
			isa = PBXSourcesBuildPhase;
			buildActionMask = 2147483647;
			files = (
				BA1518F725CC1F260005A9A2 /* RAMStats.swift in Sources */,
				F365236625CC07EF00DD6204 /* CPUStats.swift in Sources */,
				BA219C7325C83AC100E73048 /* ViewController.swift in Sources */,
				BA219C7125C83AC100E73048 /* AppDelegate.swift in Sources */,
				F365236925CC07EF00DD6204 /* SMCDataType.swift in Sources */,
				F365236825CC07EF00DD6204 /* GPUStats.swift in Sources */,
				F365236725CC07EF00DD6204 /* Helpres.swift in Sources */,
				BA1518F125CC0C8C0005A9A2 /* Extensions.swift in Sources */,
			);
			runOnlyForDeploymentPostprocessing = 0;
		};
/* End PBXSourcesBuildPhase section */

/* Begin PBXVariantGroup section */
		BA219C7625C83AC300E73048 /* Main.storyboard */ = {
			isa = PBXVariantGroup;
			children = (
				BA219C7725C83AC300E73048 /* Base */,
			);
			name = Main.storyboard;
			sourceTree = "<group>";
		};
/* End PBXVariantGroup section */

/* Begin XCBuildConfiguration section */
		BA219C7B25C83AC300E73048 /* Debug */ = {
			isa = XCBuildConfiguration;
			buildSettings = {
				ALWAYS_SEARCH_USER_PATHS = NO;
				CLANG_ANALYZER_NONNULL = YES;
				CLANG_ANALYZER_NUMBER_OBJECT_CONVERSION = YES_AGGRESSIVE;
				CLANG_CXX_LANGUAGE_STANDARD = "gnu++14";
				CLANG_CXX_LIBRARY = "libc++";
				CLANG_ENABLE_MODULES = YES;
				CLANG_ENABLE_OBJC_ARC = YES;
				CLANG_ENABLE_OBJC_WEAK = YES;
				CLANG_WARN_BLOCK_CAPTURE_AUTORELEASING = YES;
				CLANG_WARN_BOOL_CONVERSION = YES;
				CLANG_WARN_COMMA = YES;
				CLANG_WARN_CONSTANT_CONVERSION = YES;
				CLANG_WARN_DEPRECATED_OBJC_IMPLEMENTATIONS = YES;
				CLANG_WARN_DIRECT_OBJC_ISA_USAGE = YES_ERROR;
				CLANG_WARN_DOCUMENTATION_COMMENTS = YES;
				CLANG_WARN_EMPTY_BODY = YES;
				CLANG_WARN_ENUM_CONVERSION = YES;
				CLANG_WARN_INFINITE_RECURSION = YES;
				CLANG_WARN_INT_CONVERSION = YES;
				CLANG_WARN_NON_LITERAL_NULL_CONVERSION = YES;
				CLANG_WARN_OBJC_IMPLICIT_RETAIN_SELF = YES;
				CLANG_WARN_OBJC_LITERAL_CONVERSION = YES;
				CLANG_WARN_OBJC_ROOT_CLASS = YES_ERROR;
				CLANG_WARN_QUOTED_INCLUDE_IN_FRAMEWORK_HEADER = YES;
				CLANG_WARN_RANGE_LOOP_ANALYSIS = YES;
				CLANG_WARN_STRICT_PROTOTYPES = YES;
				CLANG_WARN_SUSPICIOUS_MOVE = YES;
				CLANG_WARN_UNGUARDED_AVAILABILITY = YES_AGGRESSIVE;
				CLANG_WARN_UNREACHABLE_CODE = YES;
				CLANG_WARN__DUPLICATE_METHOD_MATCH = YES;
				COPY_PHASE_STRIP = NO;
				DEBUG_INFORMATION_FORMAT = dwarf;
				ENABLE_STRICT_OBJC_MSGSEND = YES;
				ENABLE_TESTABILITY = YES;
				GCC_C_LANGUAGE_STANDARD = gnu11;
				GCC_DYNAMIC_NO_PIC = NO;
				GCC_NO_COMMON_BLOCKS = YES;
				GCC_OPTIMIZATION_LEVEL = 0;
				GCC_PREPROCESSOR_DEFINITIONS = (
					"DEBUG=1",
					"$(inherited)",
				);
				GCC_WARN_64_TO_32_BIT_CONVERSION = YES;
				GCC_WARN_ABOUT_RETURN_TYPE = YES_ERROR;
				GCC_WARN_UNDECLARED_SELECTOR = YES;
				GCC_WARN_UNINITIALIZED_AUTOS = YES_AGGRESSIVE;
				GCC_WARN_UNUSED_FUNCTION = YES;
				GCC_WARN_UNUSED_VARIABLE = YES;
				MACOSX_DEPLOYMENT_TARGET = 11.1;
				MTL_ENABLE_DEBUG_INFO = INCLUDE_SOURCE;
				MTL_FAST_MATH = YES;
				ONLY_ACTIVE_ARCH = YES;
				SDKROOT = macosx;
				SWIFT_ACTIVE_COMPILATION_CONDITIONS = DEBUG;
				SWIFT_OPTIMIZATION_LEVEL = "-Onone";
			};
			name = Debug;
		};
		BA219C7C25C83AC300E73048 /* Release */ = {
			isa = XCBuildConfiguration;
			buildSettings = {
				ALWAYS_SEARCH_USER_PATHS = NO;
				CLANG_ANALYZER_NONNULL = YES;
				CLANG_ANALYZER_NUMBER_OBJECT_CONVERSION = YES_AGGRESSIVE;
				CLANG_CXX_LANGUAGE_STANDARD = "gnu++14";
				CLANG_CXX_LIBRARY = "libc++";
				CLANG_ENABLE_MODULES = YES;
				CLANG_ENABLE_OBJC_ARC = YES;
				CLANG_ENABLE_OBJC_WEAK = YES;
				CLANG_WARN_BLOCK_CAPTURE_AUTORELEASING = YES;
				CLANG_WARN_BOOL_CONVERSION = YES;
				CLANG_WARN_COMMA = YES;
				CLANG_WARN_CONSTANT_CONVERSION = YES;
				CLANG_WARN_DEPRECATED_OBJC_IMPLEMENTATIONS = YES;
				CLANG_WARN_DIRECT_OBJC_ISA_USAGE = YES_ERROR;
				CLANG_WARN_DOCUMENTATION_COMMENTS = YES;
				CLANG_WARN_EMPTY_BODY = YES;
				CLANG_WARN_ENUM_CONVERSION = YES;
				CLANG_WARN_INFINITE_RECURSION = YES;
				CLANG_WARN_INT_CONVERSION = YES;
				CLANG_WARN_NON_LITERAL_NULL_CONVERSION = YES;
				CLANG_WARN_OBJC_IMPLICIT_RETAIN_SELF = YES;
				CLANG_WARN_OBJC_LITERAL_CONVERSION = YES;
				CLANG_WARN_OBJC_ROOT_CLASS = YES_ERROR;
				CLANG_WARN_QUOTED_INCLUDE_IN_FRAMEWORK_HEADER = YES;
				CLANG_WARN_RANGE_LOOP_ANALYSIS = YES;
				CLANG_WARN_STRICT_PROTOTYPES = YES;
				CLANG_WARN_SUSPICIOUS_MOVE = YES;
				CLANG_WARN_UNGUARDED_AVAILABILITY = YES_AGGRESSIVE;
				CLANG_WARN_UNREACHABLE_CODE = YES;
				CLANG_WARN__DUPLICATE_METHOD_MATCH = YES;
				COPY_PHASE_STRIP = NO;
				DEBUG_INFORMATION_FORMAT = "dwarf-with-dsym";
				ENABLE_NS_ASSERTIONS = NO;
				ENABLE_STRICT_OBJC_MSGSEND = YES;
				GCC_C_LANGUAGE_STANDARD = gnu11;
				GCC_NO_COMMON_BLOCKS = YES;
				GCC_WARN_64_TO_32_BIT_CONVERSION = YES;
				GCC_WARN_ABOUT_RETURN_TYPE = YES_ERROR;
				GCC_WARN_UNDECLARED_SELECTOR = YES;
				GCC_WARN_UNINITIALIZED_AUTOS = YES_AGGRESSIVE;
				GCC_WARN_UNUSED_FUNCTION = YES;
				GCC_WARN_UNUSED_VARIABLE = YES;
				MACOSX_DEPLOYMENT_TARGET = 11.1;
				MTL_ENABLE_DEBUG_INFO = NO;
				MTL_FAST_MATH = YES;
				SDKROOT = macosx;
				SWIFT_COMPILATION_MODE = wholemodule;
				SWIFT_OPTIMIZATION_LEVEL = "-O";
			};
			name = Release;
		};
		BA219C7E25C83AC300E73048 /* Debug */ = {
			isa = XCBuildConfiguration;
			buildSettings = {
				ASSETCATALOG_COMPILER_APPICON_NAME = AppIcon;
				ASSETCATALOG_COMPILER_GLOBAL_ACCENT_COLOR_NAME = AccentColor;
				CODE_SIGN_ENTITLEMENTS = InnoSystemMonitor/InnoSystemMonitor.entitlements;
				CODE_SIGN_STYLE = Automatic;
				COMBINE_HIDPI_IMAGES = YES;
				INFOPLIST_FILE = InnoSystemMonitor/Info.plist;
				LD_RUNPATH_SEARCH_PATHS = (
					"$(inherited)",
					"@executable_path/../Frameworks",
				);
				PRODUCT_BUNDLE_IDENTIFIER = com.tutorials.InnoSystemMonitor;
				PRODUCT_NAME = "$(TARGET_NAME)";
				SWIFT_VERSION = 5.0;
			};
			name = Debug;
		};
		BA219C7F25C83AC300E73048 /* Release */ = {
			isa = XCBuildConfiguration;
			buildSettings = {
				ASSETCATALOG_COMPILER_APPICON_NAME = AppIcon;
				ASSETCATALOG_COMPILER_GLOBAL_ACCENT_COLOR_NAME = AccentColor;
				CODE_SIGN_ENTITLEMENTS = InnoSystemMonitor/InnoSystemMonitor.entitlements;
				CODE_SIGN_STYLE = Automatic;
				COMBINE_HIDPI_IMAGES = YES;
				INFOPLIST_FILE = InnoSystemMonitor/Info.plist;
				LD_RUNPATH_SEARCH_PATHS = (
					"$(inherited)",
					"@executable_path/../Frameworks",
				);
				PRODUCT_BUNDLE_IDENTIFIER = com.tutorials.InnoSystemMonitor;
				PRODUCT_NAME = "$(TARGET_NAME)";
				SWIFT_VERSION = 5.0;
			};
			name = Release;
		};
/* End XCBuildConfiguration section */

/* Begin XCConfigurationList section */
		BA219C6825C83AC100E73048 /* Build configuration list for PBXProject "InnoSystemMonitor" */ = {
			isa = XCConfigurationList;
			buildConfigurations = (
				BA219C7B25C83AC300E73048 /* Debug */,
				BA219C7C25C83AC300E73048 /* Release */,
			);
			defaultConfigurationIsVisible = 0;
			defaultConfigurationName = Release;
		};
		BA219C7D25C83AC300E73048 /* Build configuration list for PBXNativeTarget "InnoSystemMonitor" */ = {
			isa = XCConfigurationList;
			buildConfigurations = (
				BA219C7E25C83AC300E73048 /* Debug */,
				BA219C7F25C83AC300E73048 /* Release */,
			);
			defaultConfigurationIsVisible = 0;
			defaultConfigurationName = Release;
		};
/* End XCConfigurationList section */
	};
	rootObject = BA219C6525C83AC100E73048 /* Project object */;
}
